
Microsoft Visual Studio Solution File, Format Version 12.00
# Visual Studio 2012
Project("{FAE04EC0-301F-11D3-BF4B-00C04F79EFBC}") = "ProlificLibrary.iOS", "ProlificLibrary.iOS.csproj", "{86E7241A-FA59-4D8F-B719-B37B34F36881}"
EndProject
Global
	GlobalSection(SolutionConfigurationPlatforms) = preSolution
		Debug|iPhoneSimulator = Debug|iPhoneSimulator
		Release|iPhone = Release|iPhone
		Release|iPhoneSimulator = Release|iPhoneSimulator
		Debug|iPhone = Debug|iPhone
	EndGlobalSection
	GlobalSection(ProjectConfigurationPlatforms) = postSolution
		{86E7241A-FA59-4D8F-B719-B37B34F36881}.Debug|iPhoneSimulator.ActiveCfg = Debug|iPhoneSimulator
		{86E7241A-FA59-4D8F-B719-B37B34F36881}.Debug|iPhoneSimulator.Build.0 = Debug|iPhoneSimulator
		{86E7241A-FA59-4D8F-B719-B37B34F36881}.Release|iPhone.ActiveCfg = Release|iPhone
		{86E7241A-FA59-4D8F-B719-B37B34F36881}.Release|iPhone.Build.0 = Release|iPhone
		{86E7241A-FA59-4D8F-B719-B37B34F36881}.Release|iPhoneSimulator.ActiveCfg = Release|iPhoneSimulator
		{86E7241A-FA59-4D8F-B719-B37B34F36881}.Release|iPhoneSimulator.Build.0 = Release|iPhoneSimulator
		{86E7241A-FA59-4D8F-B719-B37B34F36881}.Debug|iPhone.ActiveCfg = Debug|iPhone
		{86E7241A-FA59-4D8F-B719-B37B34F36881}.Debug|iPhone.Build.0 = Debug|iPhone
	EndGlobalSection
EndGlobal
